
Microsoft Visual Studio Solution File, Format Version 12.00
# Visual Studio Version 17
VisualStudioVersion = 17.10.34916.146
MinimumVisualStudioVersion = 10.0.40219.1
Project("{FAE04EC0-301F-11D3-BF4B-00C04F79EFBC}") = "Miner_Bob", "Miner_Bob.csproj", "{90FE95ED-2DCB-413C-91D8-0DBC98922867}"
EndProject
Global
	GlobalSection(SolutionConfigurationPlatforms) = preSolution
		Debug|Any CPU = Debug|Any CPU
		Release|Any CPU = Release|Any CPU
	EndGlobalSection
	GlobalSection(ProjectConfigurationPlatforms) = postSolution
		{90FE95ED-2DCB-413C-91D8-0DBC98922867}.Debug|Any CPU.ActiveCfg = Debug|Any CPU
		{90FE95ED-2DCB-413C-91D8-0DBC98922867}.Debug|Any CPU.Build.0 = Debug|Any CPU
		{90FE95ED-2DCB-413C-91D8-0DBC98922867}.Release|Any CPU.ActiveCfg = Release|Any CPU
		{90FE95ED-2DCB-413C-91D8-0DBC98922867}.Release|Any CPU.Build.0 = Release|Any CPU
	EndGlobalSection
	GlobalSection(SolutionProperties) = preSolution
		HideSolutionNode = FALSE
	EndGlobalSection
	GlobalSection(ExtensibilityGlobals) = postSolution
		SolutionGuid = {5B998349-0312-483E-AB28-DA2444E820FC}
	EndGlobalSection
EndGlobal
